
Microsoft Visual Studio Solution File, Format Version 12.00
# Visual Studio 15
VisualStudioVersion = 15.0.27130.0
MinimumVisualStudioVersion = 10.0.40219.1
Project("{FAE04EC0-301F-11D3-BF4B-00C04F79EFBC}") = "BWMTool", "BWMTool/BWMTool.csproj", "{F25EB40A-5999-40AC-A013-0922317793A3}"
EndProject
Global
	GlobalSection(SolutionConfigurationPlatforms) = preSolution
		Debug|Any CPU = Debug|Any CPU
		Release|Any CPU = Release|Any CPU
	EndGlobalSection
	GlobalSection(ProjectConfigurationPlatforms) = postSolution
		{F25EB40A-5999-40AC-A013-0922317793A3}.Debug|Any CPU.ActiveCfg = Debug|Any CPU
		{F25EB40A-5999-40AC-A013-0922317793A3}.Debug|Any CPU.Build.0 = Debug|Any CPU
		{F25EB40A-5999-40AC-A013-0922317793A3}.Release|Any CPU.ActiveCfg = Release|Any CPU
		{F25EB40A-5999-40AC-A013-0922317793A3}.Release|Any CPU.Build.0 = Release|Any CPU
	EndGlobalSection
	GlobalSection(SolutionProperties) = preSolution
		HideSolutionNode = FALSE
	EndGlobalSection
	GlobalSection(ExtensibilityGlobals) = postSolution
		SolutionGuid = {4CF94E13-3495-42D2-9AB7-D846A87DEF12}
	EndGlobalSection
EndGlobal
